
Microsoft Visual Studio Solution File, Format Version 12.00
# Visual Studio 15
VisualStudioVersion = 15.0.28307.421
MinimumVisualStudioVersion = 10.0.40219.1
Project("{FAE04EC0-301F-11D3-BF4B-00C04F79EFBC}") = "BookStore.Web", "BookStore.Web\BookStore.Web.csproj", "{B2EA51BD-5789-4CE1-974B-731237F48CEE}"
EndProject
Project("{FAE04EC0-301F-11D3-BF4B-00C04F79EFBC}") = "BookStore.Domain", "BookStore.Domain\BookStore.Domain.csproj", "{8EBA79BC-5A46-47E7-8F36-A9154AAD54DF}"
EndProject
Project("{FAE04EC0-301F-11D3-BF4B-00C04F79EFBC}") = "BookStore.Services", "BookStore.Services\BookStore.Services.csproj", "{638149A4-48ED-4582-9EF7-4FD60B1B52D1}"
EndProject
Global
	GlobalSection(SolutionConfigurationPlatforms) = preSolution
		Debug|Any CPU = Debug|Any CPU
		Release|Any CPU = Release|Any CPU
	EndGlobalSection
	GlobalSection(ProjectConfigurationPlatforms) = postSolution
		{B2EA51BD-5789-4CE1-974B-731237F48CEE}.Debug|Any CPU.ActiveCfg = Debug|Any CPU
		{B2EA51BD-5789-4CE1-974B-731237F48CEE}.Debug|Any CPU.Build.0 = Debug|Any CPU
		{B2EA51BD-5789-4CE1-974B-731237F48CEE}.Release|Any CPU.ActiveCfg = Release|Any CPU
		{B2EA51BD-5789-4CE1-974B-731237F48CEE}.Release|Any CPU.Build.0 = Release|Any CPU
		{8EBA79BC-5A46-47E7-8F36-A9154AAD54DF}.Debug|Any CPU.ActiveCfg = Debug|Any CPU
		{8EBA79BC-5A46-47E7-8F36-A9154AAD54DF}.Debug|Any CPU.Build.0 = Debug|Any CPU
		{8EBA79BC-5A46-47E7-8F36-A9154AAD54DF}.Release|Any CPU.ActiveCfg = Release|Any CPU
		{8EBA79BC-5A46-47E7-8F36-A9154AAD54DF}.Release|Any CPU.Build.0 = Release|Any CPU
		{638149A4-48ED-4582-9EF7-4FD60B1B52D1}.Debug|Any CPU.ActiveCfg = Debug|Any CPU
		{638149A4-48ED-4582-9EF7-4FD60B1B52D1}.Debug|Any CPU.Build.0 = Debug|Any CPU
		{638149A4-48ED-4582-9EF7-4FD60B1B52D1}.Release|Any CPU.ActiveCfg = Release|Any CPU
		{638149A4-48ED-4582-9EF7-4FD60B1B52D1}.Release|Any CPU.Build.0 = Release|Any CPU
	EndGlobalSection
	GlobalSection(SolutionProperties) = preSolution
		HideSolutionNode = FALSE
	EndGlobalSection
	GlobalSection(ExtensibilityGlobals) = postSolution
		SolutionGuid = {0507F54B-8803-4D5A-A44E-EDBF074629FA}
	EndGlobalSection
EndGlobal
